
Microsoft Visual Studio Solution File, Format Version 12.00
# Visual Studio Version 16
VisualStudioVersion = 16.0.32929.386
MinimumVisualStudioVersion = 10.0.40219.1
Project("{2150E333-8FDC-42A3-9474-1A3956D46DE8}") = "Core", "Core", "{9643228F-42F6-4F2D-B2C4-CC231DC2B895}"
EndProject
Project("{FAE04EC0-301F-11D3-BF4B-00C04F79EFBC}") = "Application", "Application\Application.csproj", "{002A8ACB-8157-4DDB-9565-2D123104A5C6}"
EndProject
Project("{FAE04EC0-301F-11D3-BF4B-00C04F79EFBC}") = "Domain", "Domain\Domain.csproj", "{C81E0A0A-270E-49BE-9114-254DEAAFF483}"
EndProject
Global
	GlobalSection(SolutionConfigurationPlatforms) = preSolution
		Debug|Any CPU = Debug|Any CPU
		Release|Any CPU = Release|Any CPU
	EndGlobalSection
	GlobalSection(ProjectConfigurationPlatforms) = postSolution
		{002A8ACB-8157-4DDB-9565-2D123104A5C6}.Debug|Any CPU.ActiveCfg = Debug|Any CPU
		{002A8ACB-8157-4DDB-9565-2D123104A5C6}.Debug|Any CPU.Build.0 = Debug|Any CPU
		{002A8ACB-8157-4DDB-9565-2D123104A5C6}.Release|Any CPU.ActiveCfg = Release|Any CPU
		{002A8ACB-8157-4DDB-9565-2D123104A5C6}.Release|Any CPU.Build.0 = Release|Any CPU
		{C81E0A0A-270E-49BE-9114-254DEAAFF483}.Debug|Any CPU.ActiveCfg = Debug|Any CPU
		{C81E0A0A-270E-49BE-9114-254DEAAFF483}.Debug|Any CPU.Build.0 = Debug|Any CPU
		{C81E0A0A-270E-49BE-9114-254DEAAFF483}.Release|Any CPU.ActiveCfg = Release|Any CPU
		{C81E0A0A-270E-49BE-9114-254DEAAFF483}.Release|Any CPU.Build.0 = Release|Any CPU
	EndGlobalSection
	GlobalSection(SolutionProperties) = preSolution
		HideSolutionNode = FALSE
	EndGlobalSection
	GlobalSection(NestedProjects) = preSolution
		{002A8ACB-8157-4DDB-9565-2D123104A5C6} = {9643228F-42F6-4F2D-B2C4-CC231DC2B895}
		{C81E0A0A-270E-49BE-9114-254DEAAFF483} = {9643228F-42F6-4F2D-B2C4-CC231DC2B895}
	EndGlobalSection
	GlobalSection(ExtensibilityGlobals) = postSolution
		SolutionGuid = {2BC382CE-285E-43BF-B263-A067EE2DF8E8}
	EndGlobalSection
EndGlobal
